
Microsoft Visual Studio Solution File, Format Version 12.00
# Visual Studio Version 17
VisualStudioVersion = 17.0.31903.59
MinimumVisualStudioVersion = 10.0.40219.1
Project("{2150E333-8FDC-42A3-9474-1A3956D46DE8}") = "src", "src", "{827E0CD3-B72D-47B6-A68D-7590B98EB39B}"
EndProject
Project("{FAE04EC0-301F-11D3-BF4B-00C04F79EFBC}") = "Invensys.ITrace.Api", "src\Invensys.ITrace.Api\Invensys.ITrace.Api.csproj", "{064D3D91-DE66-431C-944F-C2CB9FB09974}"
EndProject
Project("{FAE04EC0-301F-11D3-BF4B-00C04F79EFBC}") = "Invensys.ITrace.Contracts", "src\Invensys.ITrace.Contracts\Invensys.ITrace.Contracts.csproj", "{59028538-7E04-42E9-8730-561F31281D8F}"
EndProject
Project("{FAE04EC0-301F-11D3-BF4B-00C04F79EFBC}") = "Invensys.ITrace.Client", "src\Invensys.ITrace.Client\Invensys.ITrace.Client.csproj", "{0A6F67FD-EEB8-4DB7-A671-51690966FFE5}"
EndProject
Project("{2150E333-8FDC-42A3-9474-1A3956D46DE8}") = "tests", "tests", "{0AB3BF05-4346-4AA6-1389-037BE0695223}"
EndProject
Project("{FAE04EC0-301F-11D3-BF4B-00C04F79EFBC}") = "Invensys.ITrace.Tests", "tests\Invensys.ITrace.Tests\Invensys.ITrace.Tests.csproj", "{7764EA51-2E90-48B4-90EA-7DBC7C5ADDC2}"
EndProject
Global
	GlobalSection(SolutionConfigurationPlatforms) = preSolution
		Debug|Any CPU = Debug|Any CPU
		Debug|x64 = Debug|x64
		Debug|x86 = Debug|x86
		Release|Any CPU = Release|Any CPU
		Release|x64 = Release|x64
		Release|x86 = Release|x86
	EndGlobalSection
	GlobalSection(ProjectConfigurationPlatforms) = postSolution
		{064D3D91-DE66-431C-944F-C2CB9FB09974}.Debug|Any CPU.ActiveCfg = Debug|Any CPU
		{064D3D91-DE66-431C-944F-C2CB9FB09974}.Debug|Any CPU.Build.0 = Debug|Any CPU
		{064D3D91-DE66-431C-944F-C2CB9FB09974}.Debug|x64.ActiveCfg = Debug|Any CPU
		{064D3D91-DE66-431C-944F-C2CB9FB09974}.Debug|x64.Build.0 = Debug|Any CPU
		{064D3D91-DE66-431C-944F-C2CB9FB09974}.Debug|x86.ActiveCfg = Debug|Any CPU
		{064D3D91-DE66-431C-944F-C2CB9FB09974}.Debug|x86.Build.0 = Debug|Any CPU
		{064D3D91-DE66-431C-944F-C2CB9FB09974}.Release|Any CPU.ActiveCfg = Release|Any CPU
		{064D3D91-DE66-431C-944F-C2CB9FB09974}.Release|Any CPU.Build.0 = Release|Any CPU
		{064D3D91-DE66-431C-944F-C2CB9FB09974}.Release|x64.ActiveCfg = Release|Any CPU
		{064D3D91-DE66-431C-944F-C2CB9FB09974}.Release|x64.Build.0 = Release|Any CPU
		{064D3D91-DE66-431C-944F-C2CB9FB09974}.Release|x86.ActiveCfg = Release|Any CPU
		{064D3D91-DE66-431C-944F-C2CB9FB09974}.Release|x86.Build.0 = Release|Any CPU
		{59028538-7E04-42E9-8730-561F31281D8F}.Debug|Any CPU.ActiveCfg = Debug|Any CPU
		{59028538-7E04-42E9-8730-561F31281D8F}.Debug|Any CPU.Build.0 = Debug|Any CPU
		{59028538-7E04-42E9-8730-561F31281D8F}.Debug|x64.ActiveCfg = Debug|Any CPU
		{59028538-7E04-42E9-8730-561F31281D8F}.Debug|x64.Build.0 = Debug|Any CPU
		{59028538-7E04-42E9-8730-561F31281D8F}.Debug|x86.ActiveCfg = Debug|Any CPU
		{59028538-7E04-42E9-8730-561F31281D8F}.Debug|x86.Build.0 = Debug|Any CPU
		{59028538-7E04-42E9-8730-561F31281D8F}.Release|Any CPU.ActiveCfg = Release|Any CPU
		{59028538-7E04-42E9-8730-561F31281D8F}.Release|Any CPU.Build.0 = Release|Any CPU
		{59028538-7E04-42E9-8730-561F31281D8F}.Release|x64.ActiveCfg = Release|Any CPU
		{59028538-7E04-42E9-8730-561F31281D8F}.Release|x64.Build.0 = Release|Any CPU
		{59028538-7E04-42E9-8730-561F31281D8F}.Release|x86.ActiveCfg = Release|Any CPU
		{59028538-7E04-42E9-8730-561F31281D8F}.Release|x86.Build.0 = Release|Any CPU
		{0A6F67FD-EEB8-4DB7-A671-51690966FFE5}.Debug|Any CPU.ActiveCfg = Debug|Any CPU
		{0A6F67FD-EEB8-4DB7-A671-51690966FFE5}.Debug|Any CPU.Build.0 = Debug|Any CPU
		{0A6F67FD-EEB8-4DB7-A671-51690966FFE5}.Debug|x64.ActiveCfg = Debug|Any CPU
		{0A6F67FD-EEB8-4DB7-A671-51690966FFE5}.Debug|x64.Build.0 = Debug|Any CPU
		{0A6F67FD-EEB8-4DB7-A671-51690966FFE5}.Debug|x86.ActiveCfg = Debug|Any CPU
		{0A6F67FD-EEB8-4DB7-A671-51690966FFE5}.Debug|x86.Build.0 = Debug|Any CPU
		{0A6F67FD-EEB8-4DB7-A671-51690966FFE5}.Release|Any CPU.ActiveCfg = Release|Any CPU
		{0A6F67FD-EEB8-4DB7-A671-51690966FFE5}.Release|Any CPU.Build.0 = Release|Any CPU
		{0A6F67FD-EEB8-4DB7-A671-51690966FFE5}.Release|x64.ActiveCfg = Release|Any CPU
		{0A6F67FD-EEB8-4DB7-A671-51690966FFE5}.Release|x64.Build.0 = Release|Any CPU
		{0A6F67FD-EEB8-4DB7-A671-51690966FFE5}.Release|x86.ActiveCfg = Release|Any CPU
		{0A6F67FD-EEB8-4DB7-A671-51690966FFE5}.Release|x86.Build.0 = Release|Any CPU
		{7764EA51-2E90-48B4-90EA-7DBC7C5ADDC2}.Debug|Any CPU.ActiveCfg = Debug|Any CPU
		{7764EA51-2E90-48B4-90EA-7DBC7C5ADDC2}.Debug|Any CPU.Build.0 = Debug|Any CPU
		{7764EA51-2E90-48B4-90EA-7DBC7C5ADDC2}.Debug|x64.ActiveCfg = Debug|Any CPU
		{7764EA51-2E90-48B4-90EA-7DBC7C5ADDC2}.Debug|x64.Build.0 = Debug|Any CPU
		{7764EA51-2E90-48B4-90EA-7DBC7C5ADDC2}.Debug|x86.ActiveCfg = Debug|Any CPU
		{7764EA51-2E90-48B4-90EA-7DBC7C5ADDC2}.Debug|x86.Build.0 = Debug|Any CPU
		{7764EA51-2E90-48B4-90EA-7DBC7C5ADDC2}.Release|Any CPU.ActiveCfg = Release|Any CPU
		{7764EA51-2E90-48B4-90EA-7DBC7C5ADDC2}.Release|Any CPU.Build.0 = Release|Any CPU
		{7764EA51-2E90-48B4-90EA-7DBC7C5ADDC2}.Release|x64.ActiveCfg = Release|Any CPU
		{7764EA51-2E90-48B4-90EA-7DBC7C5ADDC2}.Release|x64.Build.0 = Release|Any CPU
		{7764EA51-2E90-48B4-90EA-7DBC7C5ADDC2}.Release|x86.ActiveCfg = Release|Any CPU
		{7764EA51-2E90-48B4-90EA-7DBC7C5ADDC2}.Release|x86.Build.0 = Release|Any CPU
	EndGlobalSection
	GlobalSection(SolutionProperties) = preSolution
		HideSolutionNode = FALSE
	EndGlobalSection
	GlobalSection(NestedProjects) = preSolution
		{064D3D91-DE66-431C-944F-C2CB9FB09974} = {827E0CD3-B72D-47B6-A68D-7590B98EB39B}
		{59028538-7E04-42E9-8730-561F31281D8F} = {827E0CD3-B72D-47B6-A68D-7590B98EB39B}
		{0A6F67FD-EEB8-4DB7-A671-51690966FFE5} = {827E0CD3-B72D-47B6-A68D-7590B98EB39B}
		{7764EA51-2E90-48B4-90EA-7DBC7C5ADDC2} = {0AB3BF05-4346-4AA6-1389-037BE0695223}
	EndGlobalSection
EndGlobal
